
Microsoft Visual Studio Solution File, Format Version 12.00
# Visual Studio Version 17
VisualStudioVersion = 17.7.34024.191
MinimumVisualStudioVersion = 10.0.40219.1
Project("{9A19103F-16F7-4668-BE54-9A1E7A4F7556}") = "MiCuaderno", "MiCuaderno\MiCuaderno.csproj", "{91F0521A-8EBB-4AAF-B41F-11A15EDCAF33}"
EndProject
Project("{FAE04EC0-301F-11D3-BF4B-00C04F79EFBC}") = "Interfaz", "Interfaz\Interfaz.csproj", "{F9F32334-4854-4061-9170-72F3F837C251}"
EndProject
Global
	GlobalSection(SolutionConfigurationPlatforms) = preSolution
		Debug|Any CPU = Debug|Any CPU
		Release|Any CPU = Release|Any CPU
	EndGlobalSection
	GlobalSection(ProjectConfigurationPlatforms) = postSolution
		{91F0521A-8EBB-4AAF-B41F-11A15EDCAF33}.Debug|Any CPU.ActiveCfg = Debug|Any CPU
		{91F0521A-8EBB-4AAF-B41F-11A15EDCAF33}.Debug|Any CPU.Build.0 = Debug|Any CPU
		{91F0521A-8EBB-4AAF-B41F-11A15EDCAF33}.Release|Any CPU.ActiveCfg = Release|Any CPU
		{91F0521A-8EBB-4AAF-B41F-11A15EDCAF33}.Release|Any CPU.Build.0 = Release|Any CPU
		{F9F32334-4854-4061-9170-72F3F837C251}.Debug|Any CPU.ActiveCfg = Debug|Any CPU
		{F9F32334-4854-4061-9170-72F3F837C251}.Debug|Any CPU.Build.0 = Debug|Any CPU
		{F9F32334-4854-4061-9170-72F3F837C251}.Release|Any CPU.ActiveCfg = Release|Any CPU
		{F9F32334-4854-4061-9170-72F3F837C251}.Release|Any CPU.Build.0 = Release|Any CPU
	EndGlobalSection
	GlobalSection(SolutionProperties) = preSolution
		HideSolutionNode = FALSE
	EndGlobalSection
	GlobalSection(ExtensibilityGlobals) = postSolution
		SolutionGuid = {30417387-600D-48A7-8A7D-696C7CD7EA9D}
	EndGlobalSection
EndGlobal
